
Microsoft Visual Studio Solution File, Format Version 12.00
# Visual Studio 15
VisualStudioVersion = 15.0.28307.421
MinimumVisualStudioVersion = 10.0.40219.1
Project("{FAE04EC0-301F-11D3-BF4B-00C04F79EFBC}") = "WebApp", "WebApp\WebApp.csproj", "{1CDACB34-2A81-4853-8C0A-F6C18F2ECAFB}"
EndProject
Project("{FAE04EC0-301F-11D3-BF4B-00C04F79EFBC}") = "WebApp.Orm", "WebApp.Orm\WebApp.Orm.csproj", "{8360EC3B-531F-4DCB-979D-E98E2E3CFE21}"
EndProject
Global
	GlobalSection(SolutionConfigurationPlatforms) = preSolution
		Debug|Any CPU = Debug|Any CPU
		Release|Any CPU = Release|Any CPU
	EndGlobalSection
	GlobalSection(ProjectConfigurationPlatforms) = postSolution
		{1CDACB34-2A81-4853-8C0A-F6C18F2ECAFB}.Debug|Any CPU.ActiveCfg = Debug|Any CPU
		{1CDACB34-2A81-4853-8C0A-F6C18F2ECAFB}.Debug|Any CPU.Build.0 = Debug|Any CPU
		{1CDACB34-2A81-4853-8C0A-F6C18F2ECAFB}.Release|Any CPU.ActiveCfg = Release|Any CPU
		{1CDACB34-2A81-4853-8C0A-F6C18F2ECAFB}.Release|Any CPU.Build.0 = Release|Any CPU
		{8360EC3B-531F-4DCB-979D-E98E2E3CFE21}.Debug|Any CPU.ActiveCfg = Debug|Any CPU
		{8360EC3B-531F-4DCB-979D-E98E2E3CFE21}.Debug|Any CPU.Build.0 = Debug|Any CPU
		{8360EC3B-531F-4DCB-979D-E98E2E3CFE21}.Release|Any CPU.ActiveCfg = Release|Any CPU
		{8360EC3B-531F-4DCB-979D-E98E2E3CFE21}.Release|Any CPU.Build.0 = Release|Any CPU
	EndGlobalSection
	GlobalSection(SolutionProperties) = preSolution
		HideSolutionNode = FALSE
	EndGlobalSection
	GlobalSection(ExtensibilityGlobals) = postSolution
		SolutionGuid = {B7DC9D2D-6AD5-495B-9427-07B07FD6D313}
	EndGlobalSection
EndGlobal
